
Microsoft Visual Studio Solution File, Format Version 12.00
# Visual Studio Version 16
VisualStudioVersion = 16.0.30907.101
MinimumVisualStudioVersion = 10.0.40219.1
Project("{9A19103F-16F7-4668-BE54-9A1E7A4F7556}") = "ImmersiveDarkModeTest", "ImmersiveDarkModeTest\ImmersiveDarkModeTest.csproj", "{3B62CBF6-2DFA-4822-83A9-457C1C9FE05D}"
EndProject
Global
	GlobalSection(SolutionConfigurationPlatforms) = preSolution
		Debug|Any CPU = Debug|Any CPU
		Release|Any CPU = Release|Any CPU
	EndGlobalSection
	GlobalSection(ProjectConfigurationPlatforms) = postSolution
		{3B62CBF6-2DFA-4822-83A9-457C1C9FE05D}.Debug|Any CPU.ActiveCfg = Debug|Any CPU
		{3B62CBF6-2DFA-4822-83A9-457C1C9FE05D}.Debug|Any CPU.Build.0 = Debug|Any CPU
		{3B62CBF6-2DFA-4822-83A9-457C1C9FE05D}.Release|Any CPU.ActiveCfg = Release|Any CPU
		{3B62CBF6-2DFA-4822-83A9-457C1C9FE05D}.Release|Any CPU.Build.0 = Release|Any CPU
	EndGlobalSection
	GlobalSection(SolutionProperties) = preSolution
		HideSolutionNode = FALSE
	EndGlobalSection
	GlobalSection(ExtensibilityGlobals) = postSolution
		SolutionGuid = {21F9C8F4-A72B-4F9B-AE49-7962DF8862F8}
	EndGlobalSection
EndGlobal
